
Microsoft Visual Studio Solution File, Format Version 12.00
# Visual Studio Version 16
VisualStudioVersion = 16.0.29306.81
MinimumVisualStudioVersion = 10.0.40219.1
Project("{FAE04EC0-301F-11D3-BF4B-00C04F79EFBC}") = "WP_4_3", "WP_4_3\WP_4_3.csproj", "{50CB6CC6-13FD-4009-9B89-526AF8DC5153}"
EndProject
Global
	GlobalSection(SolutionConfigurationPlatforms) = preSolution
		Debug|Any CPU = Debug|Any CPU
		Release|Any CPU = Release|Any CPU
	EndGlobalSection
	GlobalSection(ProjectConfigurationPlatforms) = postSolution
		{50CB6CC6-13FD-4009-9B89-526AF8DC5153}.Debug|Any CPU.ActiveCfg = Debug|Any CPU
		{50CB6CC6-13FD-4009-9B89-526AF8DC5153}.Debug|Any CPU.Build.0 = Debug|Any CPU
		{50CB6CC6-13FD-4009-9B89-526AF8DC5153}.Release|Any CPU.ActiveCfg = Release|Any CPU
		{50CB6CC6-13FD-4009-9B89-526AF8DC5153}.Release|Any CPU.Build.0 = Release|Any CPU
	EndGlobalSection
	GlobalSection(SolutionProperties) = preSolution
		HideSolutionNode = FALSE
	EndGlobalSection
	GlobalSection(ExtensibilityGlobals) = postSolution
		SolutionGuid = {6E64FD9B-E4E5-4500-A9B6-3660456C1514}
	EndGlobalSection
EndGlobal
