
Microsoft Visual Studio Solution File, Format Version 12.00
# Visual Studio Version 16
VisualStudioVersion = 16.0.29411.108
MinimumVisualStudioVersion = 10.0.40219.1
Project("{FAE04EC0-301F-11D3-BF4B-00C04F79EFBC}") = "WP_14_8", "WP_14_8\WP_14_8.csproj", "{BD8D2B8C-3A95-4233-8D78-37278584878D}"
EndProject
Global
	GlobalSection(SolutionConfigurationPlatforms) = preSolution
		Debug|Any CPU = Debug|Any CPU
		Release|Any CPU = Release|Any CPU
	EndGlobalSection
	GlobalSection(ProjectConfigurationPlatforms) = postSolution
		{BD8D2B8C-3A95-4233-8D78-37278584878D}.Debug|Any CPU.ActiveCfg = Debug|Any CPU
		{BD8D2B8C-3A95-4233-8D78-37278584878D}.Debug|Any CPU.Build.0 = Debug|Any CPU
		{BD8D2B8C-3A95-4233-8D78-37278584878D}.Release|Any CPU.ActiveCfg = Release|Any CPU
		{BD8D2B8C-3A95-4233-8D78-37278584878D}.Release|Any CPU.Build.0 = Release|Any CPU
	EndGlobalSection
	GlobalSection(SolutionProperties) = preSolution
		HideSolutionNode = FALSE
	EndGlobalSection
	GlobalSection(ExtensibilityGlobals) = postSolution
		SolutionGuid = {14FA4652-A586-43AE-8B6A-B2A3FABB4850}
	EndGlobalSection
EndGlobal
