
Microsoft Visual Studio Solution File, Format Version 12.00
# Visual Studio Version 16
VisualStudioVersion = 16.0.29411.108
MinimumVisualStudioVersion = 10.0.40219.1
Project("{FAE04EC0-301F-11D3-BF4B-00C04F79EFBC}") = "WP_10_5", "WP_10_5\WP_10_5.csproj", "{4DB27468-DC94-4D40-8E6D-DAB5D48E7A10}"
EndProject
Global
	GlobalSection(SolutionConfigurationPlatforms) = preSolution
		Debug|Any CPU = Debug|Any CPU
		Release|Any CPU = Release|Any CPU
	EndGlobalSection
	GlobalSection(ProjectConfigurationPlatforms) = postSolution
		{4DB27468-DC94-4D40-8E6D-DAB5D48E7A10}.Debug|Any CPU.ActiveCfg = Debug|Any CPU
		{4DB27468-DC94-4D40-8E6D-DAB5D48E7A10}.Debug|Any CPU.Build.0 = Debug|Any CPU
		{4DB27468-DC94-4D40-8E6D-DAB5D48E7A10}.Release|Any CPU.ActiveCfg = Release|Any CPU
		{4DB27468-DC94-4D40-8E6D-DAB5D48E7A10}.Release|Any CPU.Build.0 = Release|Any CPU
	EndGlobalSection
	GlobalSection(SolutionProperties) = preSolution
		HideSolutionNode = FALSE
	EndGlobalSection
	GlobalSection(ExtensibilityGlobals) = postSolution
		SolutionGuid = {4F73B599-0277-4ED2-ACF4-32216DC950D4}
	EndGlobalSection
EndGlobal
