
Microsoft Visual Studio Solution File, Format Version 12.00
# Visual Studio Version 16
VisualStudioVersion = 16.0.29411.108
MinimumVisualStudioVersion = 10.0.40219.1
Project("{FAE04EC0-301F-11D3-BF4B-00C04F79EFBC}") = "WP_5_5", "WP_5_5\WP_5_5.csproj", "{F278C576-9537-46CE-97E8-82F8890CC051}"
EndProject
Global
	GlobalSection(SolutionConfigurationPlatforms) = preSolution
		Debug|Any CPU = Debug|Any CPU
		Release|Any CPU = Release|Any CPU
	EndGlobalSection
	GlobalSection(ProjectConfigurationPlatforms) = postSolution
		{F278C576-9537-46CE-97E8-82F8890CC051}.Debug|Any CPU.ActiveCfg = Debug|Any CPU
		{F278C576-9537-46CE-97E8-82F8890CC051}.Debug|Any CPU.Build.0 = Debug|Any CPU
		{F278C576-9537-46CE-97E8-82F8890CC051}.Release|Any CPU.ActiveCfg = Release|Any CPU
		{F278C576-9537-46CE-97E8-82F8890CC051}.Release|Any CPU.Build.0 = Release|Any CPU
	EndGlobalSection
	GlobalSection(SolutionProperties) = preSolution
		HideSolutionNode = FALSE
	EndGlobalSection
	GlobalSection(ExtensibilityGlobals) = postSolution
		SolutionGuid = {F1043E31-C545-44C2-8984-97A5BFD6A476}
	EndGlobalSection
EndGlobal
