
Microsoft Visual Studio Solution File, Format Version 12.00
# Visual Studio Version 16
VisualStudioVersion = 16.0.29306.81
MinimumVisualStudioVersion = 10.0.40219.1
Project("{FAE04EC0-301F-11D3-BF4B-00C04F79EFBC}") = "WP_4_5", "WP_4_5\WP_4_5.csproj", "{94742302-B62E-479D-BD4B-273EEDAA47FD}"
EndProject
Global
	GlobalSection(SolutionConfigurationPlatforms) = preSolution
		Debug|Any CPU = Debug|Any CPU
		Release|Any CPU = Release|Any CPU
	EndGlobalSection
	GlobalSection(ProjectConfigurationPlatforms) = postSolution
		{94742302-B62E-479D-BD4B-273EEDAA47FD}.Debug|Any CPU.ActiveCfg = Debug|Any CPU
		{94742302-B62E-479D-BD4B-273EEDAA47FD}.Debug|Any CPU.Build.0 = Debug|Any CPU
		{94742302-B62E-479D-BD4B-273EEDAA47FD}.Release|Any CPU.ActiveCfg = Release|Any CPU
		{94742302-B62E-479D-BD4B-273EEDAA47FD}.Release|Any CPU.Build.0 = Release|Any CPU
	EndGlobalSection
	GlobalSection(SolutionProperties) = preSolution
		HideSolutionNode = FALSE
	EndGlobalSection
	GlobalSection(ExtensibilityGlobals) = postSolution
		SolutionGuid = {358D347E-CFBB-4B6C-80C8-8F8AE1981038}
	EndGlobalSection
EndGlobal
