
Microsoft Visual Studio Solution File, Format Version 12.00
# Visual Studio Version 16
VisualStudioVersion = 16.0.29411.108
MinimumVisualStudioVersion = 10.0.40219.1
Project("{FAE04EC0-301F-11D3-BF4B-00C04F79EFBC}") = "WP_9_5", "WP_9_5\WP_9_5.csproj", "{B4E24A83-39F5-4ABC-A879-C24C46F2CE1F}"
EndProject
Global
	GlobalSection(SolutionConfigurationPlatforms) = preSolution
		Debug|Any CPU = Debug|Any CPU
		Release|Any CPU = Release|Any CPU
	EndGlobalSection
	GlobalSection(ProjectConfigurationPlatforms) = postSolution
		{B4E24A83-39F5-4ABC-A879-C24C46F2CE1F}.Debug|Any CPU.ActiveCfg = Debug|Any CPU
		{B4E24A83-39F5-4ABC-A879-C24C46F2CE1F}.Debug|Any CPU.Build.0 = Debug|Any CPU
		{B4E24A83-39F5-4ABC-A879-C24C46F2CE1F}.Release|Any CPU.ActiveCfg = Release|Any CPU
		{B4E24A83-39F5-4ABC-A879-C24C46F2CE1F}.Release|Any CPU.Build.0 = Release|Any CPU
	EndGlobalSection
	GlobalSection(SolutionProperties) = preSolution
		HideSolutionNode = FALSE
	EndGlobalSection
	GlobalSection(ExtensibilityGlobals) = postSolution
		SolutionGuid = {9AF0877D-5399-45D4-B9F5-DB655CB040B0}
	EndGlobalSection
EndGlobal
