
Microsoft Visual Studio Solution File, Format Version 12.00
# Visual Studio Version 16
VisualStudioVersion = 16.0.29306.81
MinimumVisualStudioVersion = 10.0.40219.1
Project("{FAE04EC0-301F-11D3-BF4B-00C04F79EFBC}") = "WP_3_7", "WP_3_7\WP_3_7.csproj", "{21EB1053-D249-433D-BFB8-1FAEA7C2399A}"
EndProject
Global
	GlobalSection(SolutionConfigurationPlatforms) = preSolution
		Debug|Any CPU = Debug|Any CPU
		Release|Any CPU = Release|Any CPU
	EndGlobalSection
	GlobalSection(ProjectConfigurationPlatforms) = postSolution
		{21EB1053-D249-433D-BFB8-1FAEA7C2399A}.Debug|Any CPU.ActiveCfg = Debug|Any CPU
		{21EB1053-D249-433D-BFB8-1FAEA7C2399A}.Debug|Any CPU.Build.0 = Debug|Any CPU
		{21EB1053-D249-433D-BFB8-1FAEA7C2399A}.Release|Any CPU.ActiveCfg = Release|Any CPU
		{21EB1053-D249-433D-BFB8-1FAEA7C2399A}.Release|Any CPU.Build.0 = Release|Any CPU
	EndGlobalSection
	GlobalSection(SolutionProperties) = preSolution
		HideSolutionNode = FALSE
	EndGlobalSection
	GlobalSection(ExtensibilityGlobals) = postSolution
		SolutionGuid = {81E2A745-7EF0-4019-9307-CC0B7039C93F}
	EndGlobalSection
EndGlobal
