
Microsoft Visual Studio Solution File, Format Version 12.00
# Visual Studio Version 16
VisualStudioVersion = 16.0.29411.108
MinimumVisualStudioVersion = 10.0.40219.1
Project("{FAE04EC0-301F-11D3-BF4B-00C04F79EFBC}") = "WP_5_4", "WP_5_4\WP_5_4.csproj", "{BACD2AF6-1CF1-4285-8269-AB707177410A}"
EndProject
Global
	GlobalSection(SolutionConfigurationPlatforms) = preSolution
		Debug|Any CPU = Debug|Any CPU
		Release|Any CPU = Release|Any CPU
	EndGlobalSection
	GlobalSection(ProjectConfigurationPlatforms) = postSolution
		{BACD2AF6-1CF1-4285-8269-AB707177410A}.Debug|Any CPU.ActiveCfg = Debug|Any CPU
		{BACD2AF6-1CF1-4285-8269-AB707177410A}.Debug|Any CPU.Build.0 = Debug|Any CPU
		{BACD2AF6-1CF1-4285-8269-AB707177410A}.Release|Any CPU.ActiveCfg = Release|Any CPU
		{BACD2AF6-1CF1-4285-8269-AB707177410A}.Release|Any CPU.Build.0 = Release|Any CPU
	EndGlobalSection
	GlobalSection(SolutionProperties) = preSolution
		HideSolutionNode = FALSE
	EndGlobalSection
	GlobalSection(ExtensibilityGlobals) = postSolution
		SolutionGuid = {1DBD82EB-2B97-4AF6-A6CC-1B8832898C7B}
	EndGlobalSection
EndGlobal
