
Microsoft Visual Studio Solution File, Format Version 12.00
# Visual Studio Version 16
VisualStudioVersion = 16.0.29306.81
MinimumVisualStudioVersion = 10.0.40219.1
Project("{FAE04EC0-301F-11D3-BF4B-00C04F79EFBC}") = "WP_2_5", "WP_2_5\WP_2_5.csproj", "{126FA81B-AD5D-40A0-B157-9E8C14B7BAA1}"
EndProject
Global
	GlobalSection(SolutionConfigurationPlatforms) = preSolution
		Debug|Any CPU = Debug|Any CPU
		Release|Any CPU = Release|Any CPU
	EndGlobalSection
	GlobalSection(ProjectConfigurationPlatforms) = postSolution
		{126FA81B-AD5D-40A0-B157-9E8C14B7BAA1}.Debug|Any CPU.ActiveCfg = Debug|Any CPU
		{126FA81B-AD5D-40A0-B157-9E8C14B7BAA1}.Debug|Any CPU.Build.0 = Debug|Any CPU
		{126FA81B-AD5D-40A0-B157-9E8C14B7BAA1}.Release|Any CPU.ActiveCfg = Release|Any CPU
		{126FA81B-AD5D-40A0-B157-9E8C14B7BAA1}.Release|Any CPU.Build.0 = Release|Any CPU
	EndGlobalSection
	GlobalSection(SolutionProperties) = preSolution
		HideSolutionNode = FALSE
	EndGlobalSection
	GlobalSection(ExtensibilityGlobals) = postSolution
		SolutionGuid = {232CD2E3-88CC-4C96-BBDA-4CABF5A035FA}
	EndGlobalSection
EndGlobal
