
Microsoft Visual Studio Solution File, Format Version 12.00
# Visual Studio Version 16
VisualStudioVersion = 16.0.29411.108
MinimumVisualStudioVersion = 10.0.40219.1
Project("{FAE04EC0-301F-11D3-BF4B-00C04F79EFBC}") = "視窗HW3", "視窗HW3\視窗HW3.csproj", "{0BB103AA-C90C-4BB7-AD8D-9644BE8835E1}"
EndProject
Global
	GlobalSection(SolutionConfigurationPlatforms) = preSolution
		Debug|Any CPU = Debug|Any CPU
		Release|Any CPU = Release|Any CPU
	EndGlobalSection
	GlobalSection(ProjectConfigurationPlatforms) = postSolution
		{0BB103AA-C90C-4BB7-AD8D-9644BE8835E1}.Debug|Any CPU.ActiveCfg = Debug|Any CPU
		{0BB103AA-C90C-4BB7-AD8D-9644BE8835E1}.Debug|Any CPU.Build.0 = Debug|Any CPU
		{0BB103AA-C90C-4BB7-AD8D-9644BE8835E1}.Release|Any CPU.ActiveCfg = Release|Any CPU
		{0BB103AA-C90C-4BB7-AD8D-9644BE8835E1}.Release|Any CPU.Build.0 = Release|Any CPU
	EndGlobalSection
	GlobalSection(SolutionProperties) = preSolution
		HideSolutionNode = FALSE
	EndGlobalSection
	GlobalSection(ExtensibilityGlobals) = postSolution
		SolutionGuid = {86884F61-F4E9-46E9-A5B9-89B74EEC7D17}
	EndGlobalSection
EndGlobal
