
Microsoft Visual Studio Solution File, Format Version 12.00
# Visual Studio Version 16
VisualStudioVersion = 16.0.29411.108
MinimumVisualStudioVersion = 10.0.40219.1
Project("{FAE04EC0-301F-11D3-BF4B-00C04F79EFBC}") = "WP_8_4", "WP_8_4\WP_8_4.csproj", "{0A47C7B3-9D2C-4910-9982-C83AB0685339}"
EndProject
Global
	GlobalSection(SolutionConfigurationPlatforms) = preSolution
		Debug|Any CPU = Debug|Any CPU
		Release|Any CPU = Release|Any CPU
	EndGlobalSection
	GlobalSection(ProjectConfigurationPlatforms) = postSolution
		{0A47C7B3-9D2C-4910-9982-C83AB0685339}.Debug|Any CPU.ActiveCfg = Debug|Any CPU
		{0A47C7B3-9D2C-4910-9982-C83AB0685339}.Debug|Any CPU.Build.0 = Debug|Any CPU
		{0A47C7B3-9D2C-4910-9982-C83AB0685339}.Release|Any CPU.ActiveCfg = Release|Any CPU
		{0A47C7B3-9D2C-4910-9982-C83AB0685339}.Release|Any CPU.Build.0 = Release|Any CPU
	EndGlobalSection
	GlobalSection(SolutionProperties) = preSolution
		HideSolutionNode = FALSE
	EndGlobalSection
	GlobalSection(ExtensibilityGlobals) = postSolution
		SolutionGuid = {DA235A2F-3540-4404-8902-10BBD0ACDC3A}
	EndGlobalSection
EndGlobal
