
Microsoft Visual Studio Solution File, Format Version 12.00
# Visual Studio Version 16
VisualStudioVersion = 16.0.29411.108
MinimumVisualStudioVersion = 10.0.40219.1
Project("{FAE04EC0-301F-11D3-BF4B-00C04F79EFBC}") = "WP_14_6", "WP_14_6\WP_14_6.csproj", "{DDF7FB68-972B-414C-99BB-0067E68058CC}"
EndProject
Global
	GlobalSection(SolutionConfigurationPlatforms) = preSolution
		Debug|Any CPU = Debug|Any CPU
		Release|Any CPU = Release|Any CPU
	EndGlobalSection
	GlobalSection(ProjectConfigurationPlatforms) = postSolution
		{DDF7FB68-972B-414C-99BB-0067E68058CC}.Debug|Any CPU.ActiveCfg = Debug|Any CPU
		{DDF7FB68-972B-414C-99BB-0067E68058CC}.Debug|Any CPU.Build.0 = Debug|Any CPU
		{DDF7FB68-972B-414C-99BB-0067E68058CC}.Release|Any CPU.ActiveCfg = Release|Any CPU
		{DDF7FB68-972B-414C-99BB-0067E68058CC}.Release|Any CPU.Build.0 = Release|Any CPU
	EndGlobalSection
	GlobalSection(SolutionProperties) = preSolution
		HideSolutionNode = FALSE
	EndGlobalSection
	GlobalSection(ExtensibilityGlobals) = postSolution
		SolutionGuid = {601D15F3-BFFE-4DEB-85CD-7A055006D9DB}
	EndGlobalSection
EndGlobal
