
Microsoft Visual Studio Solution File, Format Version 12.00
# Visual Studio Version 16
VisualStudioVersion = 16.0.29306.81
MinimumVisualStudioVersion = 10.0.40219.1
Project("{FAE04EC0-301F-11D3-BF4B-00C04F79EFBC}") = "視窗HW1", "視窗HW1\視窗HW1.csproj", "{2CB9EC70-ECDF-4CAC-BCE9-F55D91274187}"
EndProject
Global
	GlobalSection(SolutionConfigurationPlatforms) = preSolution
		Debug|Any CPU = Debug|Any CPU
		Release|Any CPU = Release|Any CPU
	EndGlobalSection
	GlobalSection(ProjectConfigurationPlatforms) = postSolution
		{2CB9EC70-ECDF-4CAC-BCE9-F55D91274187}.Debug|Any CPU.ActiveCfg = Debug|Any CPU
		{2CB9EC70-ECDF-4CAC-BCE9-F55D91274187}.Debug|Any CPU.Build.0 = Debug|Any CPU
		{2CB9EC70-ECDF-4CAC-BCE9-F55D91274187}.Release|Any CPU.ActiveCfg = Release|Any CPU
		{2CB9EC70-ECDF-4CAC-BCE9-F55D91274187}.Release|Any CPU.Build.0 = Release|Any CPU
	EndGlobalSection
	GlobalSection(SolutionProperties) = preSolution
		HideSolutionNode = FALSE
	EndGlobalSection
	GlobalSection(ExtensibilityGlobals) = postSolution
		SolutionGuid = {1DB49A96-FFAE-4460-8E87-2579E26A9EDE}
	EndGlobalSection
EndGlobal
