
Microsoft Visual Studio Solution File, Format Version 12.00
# Visual Studio Version 16
VisualStudioVersion = 16.0.29411.108
MinimumVisualStudioVersion = 10.0.40219.1
Project("{FAE04EC0-301F-11D3-BF4B-00C04F79EFBC}") = "WP_8_1", "WP_8_1\WP_8_1.csproj", "{272BC71C-A7F6-4137-906C-90E9B9B86250}"
EndProject
Global
	GlobalSection(SolutionConfigurationPlatforms) = preSolution
		Debug|Any CPU = Debug|Any CPU
		Release|Any CPU = Release|Any CPU
	EndGlobalSection
	GlobalSection(ProjectConfigurationPlatforms) = postSolution
		{272BC71C-A7F6-4137-906C-90E9B9B86250}.Debug|Any CPU.ActiveCfg = Debug|Any CPU
		{272BC71C-A7F6-4137-906C-90E9B9B86250}.Debug|Any CPU.Build.0 = Debug|Any CPU
		{272BC71C-A7F6-4137-906C-90E9B9B86250}.Release|Any CPU.ActiveCfg = Release|Any CPU
		{272BC71C-A7F6-4137-906C-90E9B9B86250}.Release|Any CPU.Build.0 = Release|Any CPU
	EndGlobalSection
	GlobalSection(SolutionProperties) = preSolution
		HideSolutionNode = FALSE
	EndGlobalSection
	GlobalSection(ExtensibilityGlobals) = postSolution
		SolutionGuid = {CC08F6D5-E70F-4AAA-9EAD-B529070A181B}
	EndGlobalSection
EndGlobal
