
Microsoft Visual Studio Solution File, Format Version 12.00
# Visual Studio Version 16
VisualStudioVersion = 16.0.29411.108
MinimumVisualStudioVersion = 10.0.40219.1
Project("{FAE04EC0-301F-11D3-BF4B-00C04F79EFBC}") = "WP_12_4", "WP_12_4\WP_12_4.csproj", "{A80D2CBD-C7DA-45AB-948F-2A332D4958D5}"
EndProject
Global
	GlobalSection(SolutionConfigurationPlatforms) = preSolution
		Debug|Any CPU = Debug|Any CPU
		Release|Any CPU = Release|Any CPU
	EndGlobalSection
	GlobalSection(ProjectConfigurationPlatforms) = postSolution
		{A80D2CBD-C7DA-45AB-948F-2A332D4958D5}.Debug|Any CPU.ActiveCfg = Debug|Any CPU
		{A80D2CBD-C7DA-45AB-948F-2A332D4958D5}.Debug|Any CPU.Build.0 = Debug|Any CPU
		{A80D2CBD-C7DA-45AB-948F-2A332D4958D5}.Release|Any CPU.ActiveCfg = Release|Any CPU
		{A80D2CBD-C7DA-45AB-948F-2A332D4958D5}.Release|Any CPU.Build.0 = Release|Any CPU
	EndGlobalSection
	GlobalSection(SolutionProperties) = preSolution
		HideSolutionNode = FALSE
	EndGlobalSection
	GlobalSection(ExtensibilityGlobals) = postSolution
		SolutionGuid = {096940E0-ED6B-4F14-BE23-8837C4E87E56}
	EndGlobalSection
EndGlobal
